// !$*UTF8*$!
{
	archiveVersion = 1;
	classes = {
	};
	objectVersion = 46;
	objects = {

/* Begin PBXBuildFile section */
		FDF5DAF41D91D27C00DBA697 /* AppDelegate.swift in Sources */ = {isa = PBXBuildFile; fileRef = FDF5DAF31D91D27C00DBA697 /* AppDelegate.swift */; };
		FDF5DAF61D91D27C00DBA697 /* ViewController.swift in Sources */ = {isa = PBXBuildFile; fileRef = FDF5DAF51D91D27C00DBA697 /* ViewController.swift */; };
		FDF5DAF91D91D27C00DBA697 /* Main.storyboard in Resources */ = {isa = PBXBuildFile; fileRef = FDF5DAF71D91D27C00DBA697 /* Main.storyboard */; };
		FDF5DAFB1D91D27C00DBA697 /* Assets.xcassets in Resources */ = {isa = PBXBuildFile; fileRef = FDF5DAFA1D91D27C00DBA697 /* Assets.xcassets */; };
		FDF5DAFE1D91D27C00DBA697 /* LaunchScreen.storyboard in Resources */ = {isa = PBXBuildFile; fileRef = FDF5DAFC1D91D27C00DBA697 /* LaunchScreen.storyboard */; };
		FDF5DB091D91D27C00DBA697 /* SmileyTests.swift in Sources */ = {isa = PBXBuildFile; fileRef = FDF5DB081D91D27C00DBA697 /* SmileyTests.swift */; };
		FDF5DB141D91D27C00DBA697 /* SmileyUITests.swift in Sources */ = {isa = PBXBuildFile; fileRef = FDF5DB131D91D27C00DBA697 /* SmileyUITests.swift */; };
/* End PBXBuildFile section */

/* Begin PBXContainerItemProxy section */
		FDF5DB051D91D27C00DBA697 /* PBXContainerItemProxy */ = {
			isa = PBXContainerItemProxy;
			containerPortal = FDF5DAE81D91D27C00DBA697 /* Project object */;
			proxyType = 1;
			remoteGlobalIDString = FDF5DAEF1D91D27C00DBA697;
			remoteInfo = Smiley;
		};
		FDF5DB101D91D27C00DBA697 /* PBXContainerItemProxy */ = {
			isa = PBXContainerItemProxy;
			containerPortal = FDF5DAE81D91D27C00DBA697 /* Project object */;
			proxyType = 1;
			remoteGlobalIDString = FDF5DAEF1D91D27C00DBA697;
			remoteInfo = Smiley;
		};
/* End PBXContainerItemProxy section */

/* Begin PBXFileReference section */
		FDF5DAF01D91D27C00DBA697 /* Smiley.app */ = {isa = PBXFileReference; explicitFileType = wrapper.application; includeInIndex = 0; path = Smiley.app; sourceTree = BUILT_PRODUCTS_DIR; };
		FDF5DAF31D91D27C00DBA697 /* AppDelegate.swift */ = {isa = PBXFileReference; lastKnownFileType = sourcecode.swift; path = AppDelegate.swift; sourceTree = "<group>"; };
		FDF5DAF51D91D27C00DBA697 /* ViewController.swift */ = {isa = PBXFileReference; lastKnownFileType = sourcecode.swift; path = ViewController.swift; sourceTree = "<group>"; };
		FDF5DAF81D91D27C00DBA697 /* Base */ = {isa = PBXFileReference; lastKnownFileType = file.storyboard; name = Base; path = Base.lproj/Main.storyboard; sourceTree = "<group>"; };
		FDF5DAFA1D91D27C00DBA697 /* Assets.xcassets */ = {isa = PBXFileReference; lastKnownFileType = folder.assetcatalog; path = Assets.xcassets; sourceTree = "<group>"; };
		FDF5DAFD1D91D27C00DBA697 /* Base */ = {isa = PBXFileReference; lastKnownFileType = file.storyboard; name = Base; path = Base.lproj/LaunchScreen.storyboard; sourceTree = "<group>"; };
		FDF5DAFF1D91D27C00DBA697 /* Info.plist */ = {isa = PBXFileReference; lastKnownFileType = text.plist.xml; path = Info.plist; sourceTree = "<group>"; };
		FDF5DB041D91D27C00DBA697 /* SmileyTests.xctest */ = {isa = PBXFileReference; explicitFileType = wrapper.cfbundle; includeInIndex = 0; path = SmileyTests.xctest; sourceTree = BUILT_PRODUCTS_DIR; };
		FDF5DB081D91D27C00DBA697 /* SmileyTests.swift */ = {isa = PBXFileReference; lastKnownFileType = sourcecode.swift; path = SmileyTests.swift; sourceTree = "<group>"; };
		FDF5DB0A1D91D27C00DBA697 /* Info.plist */ = {isa = PBXFileReference; lastKnownFileType = text.plist.xml; path = Info.plist; sourceTree = "<group>"; };
		FDF5DB0F1D91D27C00DBA697 /* SmileyUITests.xctest */ = {isa = PBXFileReference; explicitFileType = wrapper.cfbundle; includeInIndex = 0; path = SmileyUITests.xctest; sourceTree = BUILT_PRODUCTS_DIR; };
		FDF5DB131D91D27C00DBA697 /* SmileyUITests.swift */ = {isa = PBXFileReference; lastKnownFileType = sourcecode.swift; path = SmileyUITests.swift; sourceTree = "<group>"; };
		FDF5DB151D91D27C00DBA697 /* Info.plist */ = {isa = PBXFileReference; lastKnownFileType = text.plist.xml; path = Info.plist; sourceTree = "<group>"; };
/* End PBXFileReference section */

/* Begin PBXFrameworksBuildPhase section */
		FDF5DAED1D91D27C00DBA697 /* Frameworks */ = {
			isa = PBXFrameworksBuildPhase;
			buildActionMask = 2147483647;
			files = (
			);
			runOnlyForDeploymentPostprocessing = 0;
		};
		FDF5DB011D91D27C00DBA697 /* Frameworks */ = {
			isa = PBXFrameworksBuildPhase;
			buildActionMask = 2147483647;
			files = (
			);
			runOnlyForDeploymentPostprocessing = 0;
		};
		FDF5DB0C1D91D27C00DBA697 /* Frameworks */ = {
			isa = PBXFrameworksBuildPhase;
			buildActionMask = 2147483647;
			files = (
			);
			runOnlyForDeploymentPostprocessing = 0;
		};
/* End PBXFrameworksBuildPhase section */

/* Begin PBXGroup section */
		FDF5DAE71D91D27C00DBA697 = {
			isa = PBXGroup;
			children = (
				FDF5DAF21D91D27C00DBA697 /* Smiley */,
				FDF5DB071D91D27C00DBA697 /* SmileyTests */,
				FDF5DB121D91D27C00DBA697 /* SmileyUITests */,
				FDF5DAF11D91D27C00DBA697 /* Products */,
			);
			sourceTree = "<group>";
		};
		FDF5DAF11D91D27C00DBA697 /* Products */ = {
			isa = PBXGroup;
			children = (
				FDF5DAF01D91D27C00DBA697 /* Smiley.app */,
				FDF5DB041D91D27C00DBA697 /* SmileyTests.xctest */,
				FDF5DB0F1D91D27C00DBA697 /* SmileyUITests.xctest */,
			);
			name = Products;
			sourceTree = "<group>";
		};
		FDF5DAF21D91D27C00DBA697 /* Smiley */ = {
			isa = PBXGroup;
			children = (
				FDF5DAF31D91D27C00DBA697 /* AppDelegate.swift */,
				FDF5DAF51D91D27C00DBA697 /* ViewController.swift */,
				FDF5DAF71D91D27C00DBA697 /* Main.storyboard */,
				FDF5DAFA1D91D27C00DBA697 /* Assets.xcassets */,
				FDF5DAFC1D91D27C00DBA697 /* LaunchScreen.storyboard */,
				FDF5DAFF1D91D27C00DBA697 /* Info.plist */,
			);
			path = Smiley;
			sourceTree = "<group>";
		};
		FDF5DB071D91D27C00DBA697 /* SmileyTests */ = {
			isa = PBXGroup;
			children = (
				FDF5DB081D91D27C00DBA697 /* SmileyTests.swift */,
				FDF5DB0A1D91D27C00DBA697 /* Info.plist */,
			);
			path = SmileyTests;
			sourceTree = "<group>";
		};
		FDF5DB121D91D27C00DBA697 /* SmileyUITests */ = {
			isa = PBXGroup;
			children = (
				FDF5DB131D91D27C00DBA697 /* SmileyUITests.swift */,
				FDF5DB151D91D27C00DBA697 /* Info.plist */,
			);
			path = SmileyUITests;
			sourceTree = "<group>";
		};
/* End PBXGroup section */

/* Begin PBXNativeTarget section */
		FDF5DAEF1D91D27C00DBA697 /* Smiley */ = {
			isa = PBXNativeTarget;
			buildConfigurationList = FDF5DB181D91D27C00DBA697 /* Build configuration list for PBXNativeTarget "Smiley" */;
			buildPhases = (
				FDF5DAEC1D91D27C00DBA697 /* Sources */,
				FDF5DAED1D91D27C00DBA697 /* Frameworks */,
				FDF5DAEE1D91D27C00DBA697 /* Resources */,
			);
			buildRules = (
			);
			dependencies = (
			);
			name = Smiley;
			productName = Smiley;
			productReference = FDF5DAF01D91D27C00DBA697 /* Smiley.app */;
			productType = "com.apple.product-type.application";
		};
		FDF5DB031D91D27C00DBA697 /* SmileyTests */ = {
			isa = PBXNativeTarget;
			buildConfigurationList = FDF5DB1B1D91D27C00DBA697 /* Build configuration list for PBXNativeTarget "SmileyTests" */;
			buildPhases = (
				FDF5DB001D91D27C00DBA697 /* Sources */,
				FDF5DB011D91D27C00DBA697 /* Frameworks */,
				FDF5DB021D91D27C00DBA697 /* Resources */,
			);
			buildRules = (
			);
			dependencies = (
				FDF5DB061D91D27C00DBA697 /* PBXTargetDependency */,
			);
			name = SmileyTests;
			productName = SmileyTests;
			productReference = FDF5DB041D91D27C00DBA697 /* SmileyTests.xctest */;
			productType = "com.apple.product-type.bundle.unit-test";
		};
		FDF5DB0E1D91D27C00DBA697 /* SmileyUITests */ = {
			isa = PBXNativeTarget;
			buildConfigurationList = FDF5DB1E1D91D27C00DBA697 /* Build configuration list for PBXNativeTarget "SmileyUITests" */;
			buildPhases = (
				FDF5DB0B1D91D27C00DBA697 /* Sources */,
				FDF5DB0C1D91D27C00DBA697 /* Frameworks */,
				FDF5DB0D1D91D27C00DBA697 /* Resources */,
			);
			buildRules = (
			);
			dependencies = (
				FDF5DB111D91D27C00DBA697 /* PBXTargetDependency */,
			);
			name = SmileyUITests;
			productName = SmileyUITests;
			productReference = FDF5DB0F1D91D27C00DBA697 /* SmileyUITests.xctest */;
			productType = "com.apple.product-type.bundle.ui-testing";
		};
/* End PBXNativeTarget section */

/* Begin PBXProject section */
		FDF5DAE81D91D27C00DBA697 /* Project object */ = {
			isa = PBXProject;
			attributes = {
				LastSwiftUpdateCheck = 0730;
				LastUpgradeCheck = 0730;
				ORGANIZATIONNAME = heroxtech;
				TargetAttributes = {
					FDF5DAEF1D91D27C00DBA697 = {
						CreatedOnToolsVersion = 7.3.1;
					};
					FDF5DB031D91D27C00DBA697 = {
						CreatedOnToolsVersion = 7.3.1;
						TestTargetID = FDF5DAEF1D91D27C00DBA697;
					};
					FDF5DB0E1D91D27C00DBA697 = {
						CreatedOnToolsVersion = 7.3.1;
						TestTargetID = FDF5DAEF1D91D27C00DBA697;
					};
				};
			};
			buildConfigurationList = FDF5DAEB1D91D27C00DBA697 /* Build configuration list for PBXProject "Smiley" */;
			compatibilityVersion = "Xcode 3.2";
			developmentRegion = English;
			hasScannedForEncodings = 0;
			knownRegions = (
				en,
				Base,
			);
			mainGroup = FDF5DAE71D91D27C00DBA697;
			productRefGroup = FDF5DAF11D91D27C00DBA697 /* Products */;
			projectDirPath = "";
			projectRoot = "";
			targets = (
				FDF5DAEF1D91D27C00DBA697 /* Smiley */,
				FDF5DB031D91D27C00DBA697 /* SmileyTests */,
				FDF5DB0E1D91D27C00DBA697 /* SmileyUITests */,
			);
		};
/* End PBXProject section */

/* Begin PBXResourcesBuildPhase section */
		FDF5DAEE1D91D27C00DBA697 /* Resources */ = {
			isa = PBXResourcesBuildPhase;
			buildActionMask = 2147483647;
			files = (
				FDF5DAFE1D91D27C00DBA697 /* LaunchScreen.storyboard in Resources */,
				FDF5DAFB1D91D27C00DBA697 /* Assets.xcassets in Resources */,
				FDF5DAF91D91D27C00DBA697 /* Main.storyboard in Resources */,
			);
			runOnlyForDeploymentPostprocessing = 0;
		};
		FDF5DB021D91D27C00DBA697 /* Resources */ = {
			isa = PBXResourcesBuildPhase;
			buildActionMask = 2147483647;
			files = (
			);
			runOnlyForDeploymentPostprocessing = 0;
		};
		FDF5DB0D1D91D27C00DBA697 /* Resources */ = {
			isa = PBXResourcesBuildPhase;
			buildActionMask = 2147483647;
			files = (
			);
			runOnlyForDeploymentPostprocessing = 0;
		};
/* End PBXResourcesBuildPhase section */

/* Begin PBXSourcesBuildPhase section */
		FDF5DAEC1D91D27C00DBA697 /* Sources */ = {
			isa = PBXSourcesBuildPhase;
			buildActionMask = 2147483647;
			files = (
				FDF5DAF61D91D27C00DBA697 /* ViewController.swift in Sources */,
				FDF5DAF41D91D27C00DBA697 /* AppDelegate.swift in Sources */,
			);
			runOnlyForDeploymentPostprocessing = 0;
		};
		FDF5DB001D91D27C00DBA697 /* Sources */ = {
			isa = PBXSourcesBuildPhase;
			buildActionMask = 2147483647;
			files = (
				FDF5DB091D91D27C00DBA697 /* SmileyTests.swift in Sources */,
			);
			runOnlyForDeploymentPostprocessing = 0;
		};
		FDF5DB0B1D91D27C00DBA697 /* Sources */ = {
			isa = PBXSourcesBuildPhase;
			buildActionMask = 2147483647;
			files = (
				FDF5DB141D91D27C00DBA697 /* SmileyUITests.swift in Sources */,
			);
			runOnlyForDeploymentPostprocessing = 0;
		};
/* End PBXSourcesBuildPhase section */

/* Begin PBXTargetDependency section */
		FDF5DB061D91D27C00DBA697 /* PBXTargetDependency */ = {
			isa = PBXTargetDependency;
			target = FDF5DAEF1D91D27C00DBA697 /* Smiley */;
			targetProxy = FDF5DB051D91D27C00DBA697 /* PBXContainerItemProxy */;
		};
		FDF5DB111D91D27C00DBA697 /* PBXTargetDependency */ = {
			isa = PBXTargetDependency;
			target = FDF5DAEF1D91D27C00DBA697 /* Smiley */;
			targetProxy = FDF5DB101D91D27C00DBA697 /* PBXContainerItemProxy */;
		};
/* End PBXTargetDependency section */

/* Begin PBXVariantGroup section */
		FDF5DAF71D91D27C00DBA697 /* Main.storyboard */ = {
			isa = PBXVariantGroup;
			children = (
				FDF5DAF81D91D27C00DBA697 /* Base */,
			);
			name = Main.storyboard;
			sourceTree = "<group>";
		};
		FDF5DAFC1D91D27C00DBA697 /* LaunchScreen.storyboard */ = {
			isa = PBXVariantGroup;
			children = (
				FDF5DAFD1D91D27C00DBA697 /* Base */,
			);
			name = LaunchScreen.storyboard;
			sourceTree = "<group>";
		};
/* End PBXVariantGroup section */

/* Begin XCBuildConfiguration section */
		FDF5DB161D91D27C00DBA697 /* Debug */ = {
			isa = XCBuildConfiguration;
			buildSettings = {
				ALWAYS_SEARCH_USER_PATHS = NO;
				CLANG_ANALYZER_NONNULL = YES;
				CLANG_CXX_LANGUAGE_STANDARD = "gnu++0x";
				CLANG_CXX_LIBRARY = "libc++";
				CLANG_ENABLE_MODULES = YES;
				CLANG_ENABLE_OBJC_ARC = YES;
				CLANG_WARN_BOOL_CONVERSION = YES;
				CLANG_WARN_CONSTANT_CONVERSION = YES;
				CLANG_WARN_DIRECT_OBJC_ISA_USAGE = YES_ERROR;
				CLANG_WARN_EMPTY_BODY = YES;
				CLANG_WARN_ENUM_CONVERSION = YES;
				CLANG_WARN_INT_CONVERSION = YES;
				CLANG_WARN_OBJC_ROOT_CLASS = YES_ERROR;
				CLANG_WARN_UNREACHABLE_CODE = YES;
				CLANG_WARN__DUPLICATE_METHOD_MATCH = YES;
				"CODE_SIGN_IDENTITY[sdk=iphoneos*]" = "iPhone Developer";
				COPY_PHASE_STRIP = NO;
				DEBUG_INFORMATION_FORMAT = dwarf;
				ENABLE_STRICT_OBJC_MSGSEND = YES;
				ENABLE_TESTABILITY = YES;
				GCC_C_LANGUAGE_STANDARD = gnu99;
				GCC_DYNAMIC_NO_PIC = NO;
				GCC_NO_COMMON_BLOCKS = YES;
				GCC_OPTIMIZATION_LEVEL = 0;
				GCC_PREPROCESSOR_DEFINITIONS = (
					"DEBUG=1",
					"$(inherited)",
				);
				GCC_WARN_64_TO_32_BIT_CONVERSION = YES;
				GCC_WARN_ABOUT_RETURN_TYPE = YES_ERROR;
				GCC_WARN_UNDECLARED_SELECTOR = YES;
				GCC_WARN_UNINITIALIZED_AUTOS = YES_AGGRESSIVE;
				GCC_WARN_UNUSED_FUNCTION = YES;
				GCC_WARN_UNUSED_VARIABLE = YES;
				IPHONEOS_DEPLOYMENT_TARGET = 9.3;
				MTL_ENABLE_DEBUG_INFO = YES;
				ONLY_ACTIVE_ARCH = YES;
				SDKROOT = iphoneos;
				SWIFT_OPTIMIZATION_LEVEL = "-Onone";
				TARGETED_DEVICE_FAMILY = "1,2";
			};
			name = Debug;
		};
		FDF5DB171D91D27C00DBA697 /* Release */ = {
			isa = XCBuildConfiguration;
			buildSettings = {
				ALWAYS_SEARCH_USER_PATHS = NO;
				CLANG_ANALYZER_NONNULL = YES;
				CLANG_CXX_LANGUAGE_STANDARD = "gnu++0x";
				CLANG_CXX_LIBRARY = "libc++";
				CLANG_ENABLE_MODULES = YES;
				CLANG_ENABLE_OBJC_ARC = YES;
				CLANG_WARN_BOOL_CONVERSION = YES;
				CLANG_WARN_CONSTANT_CONVERSION = YES;
				CLANG_WARN_DIRECT_OBJC_ISA_USAGE = YES_ERROR;
				CLANG_WARN_EMPTY_BODY = YES;
				CLANG_WARN_ENUM_CONVERSION = YES;
				CLANG_WARN_INT_CONVERSION = YES;
				CLANG_WARN_OBJC_ROOT_CLASS = YES_ERROR;
				CLANG_WARN_UNREACHABLE_CODE = YES;
				CLANG_WARN__DUPLICATE_METHOD_MATCH = YES;
				"CODE_SIGN_IDENTITY[sdk=iphoneos*]" = "iPhone Developer";
				COPY_PHASE_STRIP = NO;
				DEBUG_INFORMATION_FORMAT = "dwarf-with-dsym";
				ENABLE_NS_ASSERTIONS = NO;
				ENABLE_STRICT_OBJC_MSGSEND = YES;
				GCC_C_LANGUAGE_STANDARD = gnu99;
				GCC_NO_COMMON_BLOCKS = YES;
				GCC_WARN_64_TO_32_BIT_CONVERSION = YES;
				GCC_WARN_ABOUT_RETURN_TYPE = YES_ERROR;
				GCC_WARN_UNDECLARED_SELECTOR = YES;
				GCC_WARN_UNINITIALIZED_AUTOS = YES_AGGRESSIVE;
				GCC_WARN_UNUSED_FUNCTION = YES;
				GCC_WARN_UNUSED_VARIABLE = YES;
				IPHONEOS_DEPLOYMENT_TARGET = 9.3;
				MTL_ENABLE_DEBUG_INFO = NO;
				SDKROOT = iphoneos;
				TARGETED_DEVICE_FAMILY = "1,2";
				VALIDATE_PRODUCT = YES;
			};
			name = Release;
		};
		FDF5DB191D91D27C00DBA697 /* Debug */ = {
			isa = XCBuildConfiguration;
			buildSettings = {
				ASSETCATALOG_COMPILER_APPICON_NAME = AppIcon;
				INFOPLIST_FILE = Smiley/Info.plist;
				LD_RUNPATH_SEARCH_PATHS = "$(inherited) @executable_path/Frameworks";
				PRODUCT_BUNDLE_IDENTIFIER = heroxtech.Smiley;
				PRODUCT_NAME = "$(TARGET_NAME)";
			};
			name = Debug;
		};
		FDF5DB1A1D91D27C00DBA697 /* Release */ = {
			isa = XCBuildConfiguration;
			buildSettings = {
				ASSETCATALOG_COMPILER_APPICON_NAME = AppIcon;
				INFOPLIST_FILE = Smiley/Info.plist;
				LD_RUNPATH_SEARCH_PATHS = "$(inherited) @executable_path/Frameworks";
				PRODUCT_BUNDLE_IDENTIFIER = heroxtech.Smiley;
				PRODUCT_NAME = "$(TARGET_NAME)";
			};
			name = Release;
		};
		FDF5DB1C1D91D27C00DBA697 /* Debug */ = {
			isa = XCBuildConfiguration;
			buildSettings = {
				BUNDLE_LOADER = "$(TEST_HOST)";
				INFOPLIST_FILE = SmileyTests/Info.plist;
				LD_RUNPATH_SEARCH_PATHS = "$(inherited) @executable_path/Frameworks @loader_path/Frameworks";
				PRODUCT_BUNDLE_IDENTIFIER = heroxtech.SmileyTests;
				PRODUCT_NAME = "$(TARGET_NAME)";
				TEST_HOST = "$(BUILT_PRODUCTS_DIR)/Smiley.app/Smiley";
			};
			name = Debug;
		};
		FDF5DB1D1D91D27C00DBA697 /* Release */ = {
			isa = XCBuildConfiguration;
			buildSettings = {
				BUNDLE_LOADER = "$(TEST_HOST)";
				INFOPLIST_FILE = SmileyTests/Info.plist;
				LD_RUNPATH_SEARCH_PATHS = "$(inherited) @executable_path/Frameworks @loader_path/Frameworks";
				PRODUCT_BUNDLE_IDENTIFIER = heroxtech.SmileyTests;
				PRODUCT_NAME = "$(TARGET_NAME)";
				TEST_HOST = "$(BUILT_PRODUCTS_DIR)/Smiley.app/Smiley";
			};
			name = Release;
		};
		FDF5DB1F1D91D27C00DBA697 /* Debug */ = {
			isa = XCBuildConfiguration;
			buildSettings = {
				INFOPLIST_FILE = SmileyUITests/Info.plist;
				LD_RUNPATH_SEARCH_PATHS = "$(inherited) @executable_path/Frameworks @loader_path/Frameworks";
				PRODUCT_BUNDLE_IDENTIFIER = heroxtech.SmileyUITests;
				PRODUCT_NAME = "$(TARGET_NAME)";
				TEST_TARGET_NAME = Smiley;
			};
			name = Debug;
		};
		FDF5DB201D91D27C00DBA697 /* Release */ = {
			isa = XCBuildConfiguration;
			buildSettings = {
				INFOPLIST_FILE = SmileyUITests/Info.plist;
				LD_RUNPATH_SEARCH_PATHS = "$(inherited) @executable_path/Frameworks @loader_path/Frameworks";
				PRODUCT_BUNDLE_IDENTIFIER = heroxtech.SmileyUITests;
				PRODUCT_NAME = "$(TARGET_NAME)";
				TEST_TARGET_NAME = Smiley;
			};
			name = Release;
		};
/* End XCBuildConfiguration section */

/* Begin XCConfigurationList section */
		FDF5DAEB1D91D27C00DBA697 /* Build configuration list for PBXProject "Smiley" */ = {
			isa = XCConfigurationList;
			buildConfigurations = (
				FDF5DB161D91D27C00DBA697 /* Debug */,
				FDF5DB171D91D27C00DBA697 /* Release */,
			);
			defaultConfigurationIsVisible = 0;
			defaultConfigurationName = Release;
		};
		FDF5DB181D91D27C00DBA697 /* Build configuration list for PBXNativeTarget "Smiley" */ = {
			isa = XCConfigurationList;
			buildConfigurations = (
				FDF5DB191D91D27C00DBA697 /* Debug */,
				FDF5DB1A1D91D27C00DBA697 /* Release */,
			);
			defaultConfigurationIsVisible = 0;
		};
		FDF5DB1B1D91D27C00DBA697 /* Build configuration list for PBXNativeTarget "SmileyTests" */ = {
			isa = XCConfigurationList;
			buildConfigurations = (
				FDF5DB1C1D91D27C00DBA697 /* Debug */,
				FDF5DB1D1D91D27C00DBA697 /* Release */,
			);
			defaultConfigurationIsVisible = 0;
		};
		FDF5DB1E1D91D27C00DBA697 /* Build configuration list for PBXNativeTarget "SmileyUITests" */ = {
			isa = XCConfigurationList;
			buildConfigurations = (
				FDF5DB1F1D91D27C00DBA697 /* Debug */,
				FDF5DB201D91D27C00DBA697 /* Release */,
			);
			defaultConfigurationIsVisible = 0;
		};
/* End XCConfigurationList section */
	};
	rootObject = FDF5DAE81D91D27C00DBA697 /* Project object */;
}
